
Microsoft Visual Studio Solution File, Format Version 12.00
# Visual Studio Version 16
VisualStudioVersion = 16.0.31112.23
MinimumVisualStudioVersion = 10.0.40219.1
Project("{FAE04EC0-301F-11D3-BF4B-00C04F79EFBC}") = "Task_4_Sosedova", "Task_4_Sosedova\Task_4_Sosedova.csproj", "{2DEF0780-9772-4FC9-A75B-2A970F550983}"
EndProject
Global
	GlobalSection(SolutionConfigurationPlatforms) = preSolution
		Debug|Any CPU = Debug|Any CPU
		Release|Any CPU = Release|Any CPU
	EndGlobalSection
	GlobalSection(ProjectConfigurationPlatforms) = postSolution
		{2DEF0780-9772-4FC9-A75B-2A970F550983}.Debug|Any CPU.ActiveCfg = Debug|Any CPU
		{2DEF0780-9772-4FC9-A75B-2A970F550983}.Debug|Any CPU.Build.0 = Debug|Any CPU
		{2DEF0780-9772-4FC9-A75B-2A970F550983}.Release|Any CPU.ActiveCfg = Release|Any CPU
		{2DEF0780-9772-4FC9-A75B-2A970F550983}.Release|Any CPU.Build.0 = Release|Any CPU
	EndGlobalSection
	GlobalSection(SolutionProperties) = preSolution
		HideSolutionNode = FALSE
	EndGlobalSection
	GlobalSection(ExtensibilityGlobals) = postSolution
		SolutionGuid = {ED49CAD3-F91C-4688-82FD-A60758B57ECB}
	EndGlobalSection
EndGlobal
